
Microsoft Visual Studio Solution File, Format Version 12.00
# Visual Studio Version 17
VisualStudioVersion = 17.10.34916.146
MinimumVisualStudioVersion = 10.0.40219.1
Project("{FAE04EC0-301F-11D3-BF4B-00C04F79EFBC}") = "WebApplication1", "WebApplication1.csproj", "{79749909-06A7-43A3-BEF6-A41EC6E224DC}"
EndProject
Global
	GlobalSection(SolutionConfigurationPlatforms) = preSolution
		Debug|Any CPU = Debug|Any CPU
		Release|Any CPU = Release|Any CPU
	EndGlobalSection
	GlobalSection(ProjectConfigurationPlatforms) = postSolution
		{79749909-06A7-43A3-BEF6-A41EC6E224DC}.Debug|Any CPU.ActiveCfg = Debug|Any CPU
		{79749909-06A7-43A3-BEF6-A41EC6E224DC}.Debug|Any CPU.Build.0 = Debug|Any CPU
		{79749909-06A7-43A3-BEF6-A41EC6E224DC}.Release|Any CPU.ActiveCfg = Release|Any CPU
		{79749909-06A7-43A3-BEF6-A41EC6E224DC}.Release|Any CPU.Build.0 = Release|Any CPU
	EndGlobalSection
	GlobalSection(SolutionProperties) = preSolution
		HideSolutionNode = FALSE
	EndGlobalSection
	GlobalSection(ExtensibilityGlobals) = postSolution
		SolutionGuid = {28CE3632-874B-4ED6-A702-591BF381E4E2}
	EndGlobalSection
EndGlobal
